
Microsoft Visual Studio Solution File, Format Version 11.00
# Visual Studio 2010
Project("{8BC9CEB8-8B4A-11D0-8D11-00A0C91BC942}") = "WinrarRansomware", "WinrarRansomware\WinrarRansomware.vcxproj", "{05F746B4-85D1-41D0-8F91-BA2FBF6A9D7B}"
EndProject
Global
	GlobalSection(SolutionConfigurationPlatforms) = preSolution
		Debug|Win32 = Debug|Win32
		Release|Win32 = Release|Win32
	EndGlobalSection
	GlobalSection(ProjectConfigurationPlatforms) = postSolution
		{05F746B4-85D1-41D0-8F91-BA2FBF6A9D7B}.Debug|Win32.ActiveCfg = Debug|Win32
		{05F746B4-85D1-41D0-8F91-BA2FBF6A9D7B}.Debug|Win32.Build.0 = Debug|Win32
		{05F746B4-85D1-41D0-8F91-BA2FBF6A9D7B}.Release|Win32.ActiveCfg = Release|Win32
		{05F746B4-85D1-41D0-8F91-BA2FBF6A9D7B}.Release|Win32.Build.0 = Release|Win32
	EndGlobalSection
	GlobalSection(SolutionProperties) = preSolution
		HideSolutionNode = FALSE
	EndGlobalSection
EndGlobal
